
Microsoft Visual Studio Solution File, Format Version 12.00
# Visual Studio Version 16
VisualStudioVersion = 16.0.31205.134
MinimumVisualStudioVersion = 10.0.40219.1
Project("{9A19103F-16F7-4668-BE54-9A1E7A4F7556}") = "MyProject.Api", "MyProject.Api\MyProject.Api.csproj", "{AC30886F-3A6A-401B-A94D-BB7AC415899C}"
EndProject
Project("{9A19103F-16F7-4668-BE54-9A1E7A4F7556}") = "MyProject.Common", "MyProject.Common\MyProject.Common.csproj", "{A36475C9-FA0D-4524-A38F-7A59456A1D0D}"
EndProject
Project("{9A19103F-16F7-4668-BE54-9A1E7A4F7556}") = "MyProject.BL", "MyProject.BL\MyProject.BL.csproj", "{E5F9FA17-1943-4971-A9E3-83B251B08CF9}"
EndProject
Project("{9A19103F-16F7-4668-BE54-9A1E7A4F7556}") = "MyProject.Dal", "MyProject.Dal\MyProject.Dal.csproj", "{BD6E359E-A03A-4E4F-92CA-2B2C56A74215}"
EndProject
Project("{9A19103F-16F7-4668-BE54-9A1E7A4F7556}") = "SecondProject.Api", "SecondProject.Api\SecondProject.Api.csproj", "{9D522D17-EC15-4A8F-AD57-1C323314364D}"
EndProject
Project("{2150E333-8FDC-42A3-9474-1A3956D46DE8}") = "Tests", "Tests", "{9CDDD373-78C3-4542-828A-1AFC4B6D1B84}"
EndProject
Project("{FAE04EC0-301F-11D3-BF4B-00C04F79EFBC}") = "Book.UnitTests", "Book.UnitTests\Book.UnitTests.csproj", "{77728CBD-D71C-4FFE-BA4E-5E6B72828402}"
EndProject
Global
	GlobalSection(SolutionConfigurationPlatforms) = preSolution
		Debug|Any CPU = Debug|Any CPU
		Release|Any CPU = Release|Any CPU
	EndGlobalSection
	GlobalSection(ProjectConfigurationPlatforms) = postSolution
		{AC30886F-3A6A-401B-A94D-BB7AC415899C}.Debug|Any CPU.ActiveCfg = Debug|Any CPU
		{AC30886F-3A6A-401B-A94D-BB7AC415899C}.Debug|Any CPU.Build.0 = Debug|Any CPU
		{AC30886F-3A6A-401B-A94D-BB7AC415899C}.Release|Any CPU.ActiveCfg = Release|Any CPU
		{AC30886F-3A6A-401B-A94D-BB7AC415899C}.Release|Any CPU.Build.0 = Release|Any CPU
		{A36475C9-FA0D-4524-A38F-7A59456A1D0D}.Debug|Any CPU.ActiveCfg = Debug|Any CPU
		{A36475C9-FA0D-4524-A38F-7A59456A1D0D}.Debug|Any CPU.Build.0 = Debug|Any CPU
		{A36475C9-FA0D-4524-A38F-7A59456A1D0D}.Release|Any CPU.ActiveCfg = Release|Any CPU
		{A36475C9-FA0D-4524-A38F-7A59456A1D0D}.Release|Any CPU.Build.0 = Release|Any CPU
		{E5F9FA17-1943-4971-A9E3-83B251B08CF9}.Debug|Any CPU.ActiveCfg = Debug|Any CPU
		{E5F9FA17-1943-4971-A9E3-83B251B08CF9}.Debug|Any CPU.Build.0 = Debug|Any CPU
		{E5F9FA17-1943-4971-A9E3-83B251B08CF9}.Release|Any CPU.ActiveCfg = Release|Any CPU
		{E5F9FA17-1943-4971-A9E3-83B251B08CF9}.Release|Any CPU.Build.0 = Release|Any CPU
		{BD6E359E-A03A-4E4F-92CA-2B2C56A74215}.Debug|Any CPU.ActiveCfg = Debug|Any CPU
		{BD6E359E-A03A-4E4F-92CA-2B2C56A74215}.Debug|Any CPU.Build.0 = Debug|Any CPU
		{BD6E359E-A03A-4E4F-92CA-2B2C56A74215}.Release|Any CPU.ActiveCfg = Release|Any CPU
		{BD6E359E-A03A-4E4F-92CA-2B2C56A74215}.Release|Any CPU.Build.0 = Release|Any CPU
		{9D522D17-EC15-4A8F-AD57-1C323314364D}.Debug|Any CPU.ActiveCfg = Debug|Any CPU
		{9D522D17-EC15-4A8F-AD57-1C323314364D}.Debug|Any CPU.Build.0 = Debug|Any CPU
		{9D522D17-EC15-4A8F-AD57-1C323314364D}.Release|Any CPU.ActiveCfg = Release|Any CPU
		{9D522D17-EC15-4A8F-AD57-1C323314364D}.Release|Any CPU.Build.0 = Release|Any CPU
		{77728CBD-D71C-4FFE-BA4E-5E6B72828402}.Debug|Any CPU.ActiveCfg = Debug|Any CPU
		{77728CBD-D71C-4FFE-BA4E-5E6B72828402}.Debug|Any CPU.Build.0 = Debug|Any CPU
		{77728CBD-D71C-4FFE-BA4E-5E6B72828402}.Release|Any CPU.ActiveCfg = Release|Any CPU
		{77728CBD-D71C-4FFE-BA4E-5E6B72828402}.Release|Any CPU.Build.0 = Release|Any CPU
	EndGlobalSection
	GlobalSection(SolutionProperties) = preSolution
		HideSolutionNode = FALSE
	EndGlobalSection
	GlobalSection(NestedProjects) = preSolution
		{77728CBD-D71C-4FFE-BA4E-5E6B72828402} = {9CDDD373-78C3-4542-828A-1AFC4B6D1B84}
	EndGlobalSection
	GlobalSection(ExtensibilityGlobals) = postSolution
		SolutionGuid = {84BD6948-47AA-46C3-B3D2-C3B21730D197}
	EndGlobalSection
EndGlobal
